// !$*UTF8*$!
{
	archiveVersion = 1;
	classes = {
	};
	objectVersion = 50;
	objects = {

/* Begin PBXBuildFile section */
		18AB5F742479C3E00080DC44 /* AppDelegate.swift in Sources */ = {isa = PBXBuildFile; fileRef = 18AB5F732479C3E00080DC44 /* AppDelegate.swift */; };
		18AB5F762479C3E00080DC44 /* SceneDelegate.swift in Sources */ = {isa = PBXBuildFile; fileRef = 18AB5F752479C3E00080DC44 /* SceneDelegate.swift */; };
		18AB5F782479C3E00080DC44 /* ContentView.swift in Sources */ = {isa = PBXBuildFile; fileRef = 18AB5F772479C3E00080DC44 /* ContentView.swift */; };
		18AB5F7A2479C3E20080DC44 /* Assets.xcassets in Resources */ = {isa = PBXBuildFile; fileRef = 18AB5F792479C3E20080DC44 /* Assets.xcassets */; };
		18AB5F7D2479C3E20080DC44 /* Preview Assets.xcassets in Resources */ = {isa = PBXBuildFile; fileRef = 18AB5F7C2479C3E20080DC44 /* Preview Assets.xcassets */; };
		18AB5F802479C3E20080DC44 /* LaunchScreen.storyboard in Resources */ = {isa = PBXBuildFile; fileRef = 18AB5F7E2479C3E20080DC44 /* LaunchScreen.storyboard */; };
		18AB5F8A2479CAEE0080DC44 /* WeatherService.swift in Sources */ = {isa = PBXBuildFile; fileRef = 18AB5F892479CAEE0080DC44 /* WeatherService.swift */; };
		18AB5F8C2479CCE30080DC44 /* WeatherResponse.swift in Sources */ = {isa = PBXBuildFile; fileRef = 18AB5F8B2479CCE30080DC44 /* WeatherResponse.swift */; };
		18D8AF752479CDA200E6491D /* WeatherViewModel.swift in Sources */ = {isa = PBXBuildFile; fileRef = 18D8AF742479CDA200E6491D /* WeatherViewModel.swift */; };
/* End PBXBuildFile section */

/* Begin PBXFileReference section */
		18AB5F702479C3E00080DC44 /* SwiftUIDemo5.app */ = {isa = PBXFileReference; explicitFileType = wrapper.application; includeInIndex = 0; path = SwiftUIDemo5.app; sourceTree = BUILT_PRODUCTS_DIR; };
		18AB5F732479C3E00080DC44 /* AppDelegate.swift */ = {isa = PBXFileReference; lastKnownFileType = sourcecode.swift; path = AppDelegate.swift; sourceTree = "<group>"; };
		18AB5F752479C3E00080DC44 /* SceneDelegate.swift */ = {isa = PBXFileReference; lastKnownFileType = sourcecode.swift; path = SceneDelegate.swift; sourceTree = "<group>"; };
		18AB5F772479C3E00080DC44 /* ContentView.swift */ = {isa = PBXFileReference; lastKnownFileType = sourcecode.swift; path = ContentView.swift; sourceTree = "<group>"; };
		18AB5F792479C3E20080DC44 /* Assets.xcassets */ = {isa = PBXFileReference; lastKnownFileType = folder.assetcatalog; path = Assets.xcassets; sourceTree = "<group>"; };
		18AB5F7C2479C3E20080DC44 /* Preview Assets.xcassets */ = {isa = PBXFileReference; lastKnownFileType = folder.assetcatalog; path = "Preview Assets.xcassets"; sourceTree = "<group>"; };
		18AB5F7F2479C3E20080DC44 /* Base */ = {isa = PBXFileReference; lastKnownFileType = file.storyboard; name = Base; path = Base.lproj/LaunchScreen.storyboard; sourceTree = "<group>"; };
		18AB5F812479C3E20080DC44 /* Info.plist */ = {isa = PBXFileReference; lastKnownFileType = text.plist.xml; path = Info.plist; sourceTree = "<group>"; };
		18AB5F892479CAEE0080DC44 /* WeatherService.swift */ = {isa = PBXFileReference; lastKnownFileType = sourcecode.swift; path = WeatherService.swift; sourceTree = "<group>"; };
		18AB5F8B2479CCE30080DC44 /* WeatherResponse.swift */ = {isa = PBXFileReference; lastKnownFileType = sourcecode.swift; path = WeatherResponse.swift; sourceTree = "<group>"; };
		18D8AF742479CDA200E6491D /* WeatherViewModel.swift */ = {isa = PBXFileReference; lastKnownFileType = sourcecode.swift; path = WeatherViewModel.swift; sourceTree = "<group>"; };
/* End PBXFileReference section */

/* Begin PBXFrameworksBuildPhase section */
		18AB5F6D2479C3E00080DC44 /* Frameworks */ = {
			isa = PBXFrameworksBuildPhase;
			buildActionMask = 2147483647;
			files = (
			);
			runOnlyForDeploymentPostprocessing = 0;
		};
/* End PBXFrameworksBuildPhase section */

/* Begin PBXGroup section */
		18AB5F672479C3E00080DC44 = {
			isa = PBXGroup;
			children = (
				18AB5F722479C3E00080DC44 /* SwiftUIDemo5 */,
				18AB5F712479C3E00080DC44 /* Products */,
			);
			sourceTree = "<group>";
		};
		18AB5F712479C3E00080DC44 /* Products */ = {
			isa = PBXGroup;
			children = (
				18AB5F702479C3E00080DC44 /* SwiftUIDemo5.app */,
			);
			name = Products;
			sourceTree = "<group>";
		};
		18AB5F722479C3E00080DC44 /* SwiftUIDemo5 */ = {
			isa = PBXGroup;
			children = (
				18D8AF732479CD8100E6491D /* ViewModels */,
				18AB5F882479C9EC0080DC44 /* Services */,
				18AB5F872479C9DC0080DC44 /* Models */,
				18AB5F732479C3E00080DC44 /* AppDelegate.swift */,
				18AB5F752479C3E00080DC44 /* SceneDelegate.swift */,
				18AB5F772479C3E00080DC44 /* ContentView.swift */,
				18AB5F792479C3E20080DC44 /* Assets.xcassets */,
				18AB5F7E2479C3E20080DC44 /* LaunchScreen.storyboard */,
				18AB5F812479C3E20080DC44 /* Info.plist */,
				18AB5F7B2479C3E20080DC44 /* Preview Content */,
			);
			path = SwiftUIDemo5;
			sourceTree = "<group>";
		};
		18AB5F7B2479C3E20080DC44 /* Preview Content */ = {
			isa = PBXGroup;
			children = (
				18AB5F7C2479C3E20080DC44 /* Preview Assets.xcassets */,
			);
			path = "Preview Content";
			sourceTree = "<group>";
		};
		18AB5F872479C9DC0080DC44 /* Models */ = {
			isa = PBXGroup;
			children = (
				18AB5F8B2479CCE30080DC44 /* WeatherResponse.swift */,
			);
			path = Models;
			sourceTree = "<group>";
		};
		18AB5F882479C9EC0080DC44 /* Services */ = {
			isa = PBXGroup;
			children = (
				18AB5F892479CAEE0080DC44 /* WeatherService.swift */,
			);
			path = Services;
			sourceTree = "<group>";
		};
		18D8AF732479CD8100E6491D /* ViewModels */ = {
			isa = PBXGroup;
			children = (
				18D8AF742479CDA200E6491D /* WeatherViewModel.swift */,
			);
			path = ViewModels;
			sourceTree = "<group>";
		};
/* End PBXGroup section */

/* Begin PBXNativeTarget section */
		18AB5F6F2479C3E00080DC44 /* SwiftUIDemo5 */ = {
			isa = PBXNativeTarget;
			buildConfigurationList = 18AB5F842479C3E20080DC44 /* Build configuration list for PBXNativeTarget "SwiftUIDemo5" */;
			buildPhases = (
				18AB5F6C2479C3E00080DC44 /* Sources */,
				18AB5F6D2479C3E00080DC44 /* Frameworks */,
				18AB5F6E2479C3E00080DC44 /* Resources */,
			);
			buildRules = (
			);
			dependencies = (
			);
			name = SwiftUIDemo5;
			productName = SwiftUIDemo5;
			productReference = 18AB5F702479C3E00080DC44 /* SwiftUIDemo5.app */;
			productType = "com.apple.product-type.application";
		};
/* End PBXNativeTarget section */

/* Begin PBXProject section */
		18AB5F682479C3E00080DC44 /* Project object */ = {
			isa = PBXProject;
			attributes = {
				LastSwiftUpdateCheck = 1120;
				LastUpgradeCheck = 1120;
				ORGANIZATIONNAME = Codekul;
				TargetAttributes = {
					18AB5F6F2479C3E00080DC44 = {
						CreatedOnToolsVersion = 11.2.1;
					};
				};
			};
			buildConfigurationList = 18AB5F6B2479C3E00080DC44 /* Build configuration list for PBXProject "SwiftUIDemo5" */;
			compatibilityVersion = "Xcode 9.3";
			developmentRegion = en;
			hasScannedForEncodings = 0;
			knownRegions = (
				en,
				Base,
			);
			mainGroup = 18AB5F672479C3E00080DC44;
			productRefGroup = 18AB5F712479C3E00080DC44 /* Products */;
			projectDirPath = "";
			projectRoot = "";
			targets = (
				18AB5F6F2479C3E00080DC44 /* SwiftUIDemo5 */,
			);
		};
/* End PBXProject section */

/* Begin PBXResourcesBuildPhase section */
		18AB5F6E2479C3E00080DC44 /* Resources */ = {
			isa = PBXResourcesBuildPhase;
			buildActionMask = 2147483647;
			files = (
				18AB5F802479C3E20080DC44 /* LaunchScreen.storyboard in Resources */,
				18AB5F7D2479C3E20080DC44 /* Preview Assets.xcassets in Resources */,
				18AB5F7A2479C3E20080DC44 /* Assets.xcassets in Resources */,
			);
			runOnlyForDeploymentPostprocessing = 0;
		};
/* End PBXResourcesBuildPhase section */

/* Begin PBXSourcesBuildPhase section */
		18AB5F6C2479C3E00080DC44 /* Sources */ = {
			isa = PBXSourcesBuildPhase;
			buildActionMask = 2147483647;
			files = (
				18AB5F8A2479CAEE0080DC44 /* WeatherService.swift in Sources */,
				18D8AF752479CDA200E6491D /* WeatherViewModel.swift in Sources */,
				18AB5F8C2479CCE30080DC44 /* WeatherResponse.swift in Sources */,
				18AB5F742479C3E00080DC44 /* AppDelegate.swift in Sources */,
				18AB5F762479C3E00080DC44 /* SceneDelegate.swift in Sources */,
				18AB5F782479C3E00080DC44 /* ContentView.swift in Sources */,
			);
			runOnlyForDeploymentPostprocessing = 0;
		};
/* End PBXSourcesBuildPhase section */

/* Begin PBXVariantGroup section */
		18AB5F7E2479C3E20080DC44 /* LaunchScreen.storyboard */ = {
			isa = PBXVariantGroup;
			children = (
				18AB5F7F2479C3E20080DC44 /* Base */,
			);
			name = LaunchScreen.storyboard;
			sourceTree = "<group>";
		};
/* End PBXVariantGroup section */

/* Begin XCBuildConfiguration section */
		18AB5F822479C3E20080DC44 /* Debug */ = {
			isa = XCBuildConfiguration;
			buildSettings = {
				ALWAYS_SEARCH_USER_PATHS = NO;
				CLANG_ANALYZER_NONNULL = YES;
				CLANG_ANALYZER_NUMBER_OBJECT_CONVERSION = YES_AGGRESSIVE;
				CLANG_CXX_LANGUAGE_STANDARD = "gnu++14";
				CLANG_CXX_LIBRARY = "libc++";
				CLANG_ENABLE_MODULES = YES;
				CLANG_ENABLE_OBJC_ARC = YES;
				CLANG_ENABLE_OBJC_WEAK = YES;
				CLANG_WARN_BLOCK_CAPTURE_AUTORELEASING = YES;
				CLANG_WARN_BOOL_CONVERSION = YES;
				CLANG_WARN_COMMA = YES;
				CLANG_WARN_CONSTANT_CONVERSION = YES;
				CLANG_WARN_DEPRECATED_OBJC_IMPLEMENTATIONS = YES;
				CLANG_WARN_DIRECT_OBJC_ISA_USAGE = YES_ERROR;
				CLANG_WARN_DOCUMENTATION_COMMENTS = YES;
				CLANG_WARN_EMPTY_BODY = YES;
				CLANG_WARN_ENUM_CONVERSION = YES;
				CLANG_WARN_INFINITE_RECURSION = YES;
				CLANG_WARN_INT_CONVERSION = YES;
				CLANG_WARN_NON_LITERAL_NULL_CONVERSION = YES;
				CLANG_WARN_OBJC_IMPLICIT_RETAIN_SELF = YES;
				CLANG_WARN_OBJC_LITERAL_CONVERSION = YES;
				CLANG_WARN_OBJC_ROOT_CLASS = YES_ERROR;
				CLANG_WARN_RANGE_LOOP_ANALYSIS = YES;
				CLANG_WARN_STRICT_PROTOTYPES = YES;
				CLANG_WARN_SUSPICIOUS_MOVE = YES;
				CLANG_WARN_UNGUARDED_AVAILABILITY = YES_AGGRESSIVE;
				CLANG_WARN_UNREACHABLE_CODE = YES;
				CLANG_WARN__DUPLICATE_METHOD_MATCH = YES;
				COPY_PHASE_STRIP = NO;
				DEBUG_INFORMATION_FORMAT = dwarf;
				ENABLE_STRICT_OBJC_MSGSEND = YES;
				ENABLE_TESTABILITY = YES;
				GCC_C_LANGUAGE_STANDARD = gnu11;
				GCC_DYNAMIC_NO_PIC = NO;
				GCC_NO_COMMON_BLOCKS = YES;
				GCC_OPTIMIZATION_LEVEL = 0;
				GCC_PREPROCESSOR_DEFINITIONS = (
					"DEBUG=1",
					"$(inherited)",
				);
				GCC_WARN_64_TO_32_BIT_CONVERSION = YES;
				GCC_WARN_ABOUT_RETURN_TYPE = YES_ERROR;
				GCC_WARN_UNDECLARED_SELECTOR = YES;
				GCC_WARN_UNINITIALIZED_AUTOS = YES_AGGRESSIVE;
				GCC_WARN_UNUSED_FUNCTION = YES;
				GCC_WARN_UNUSED_VARIABLE = YES;
				IPHONEOS_DEPLOYMENT_TARGET = 13.2;
				MTL_ENABLE_DEBUG_INFO = INCLUDE_SOURCE;
				MTL_FAST_MATH = YES;
				ONLY_ACTIVE_ARCH = YES;
				SDKROOT = iphoneos;
				SWIFT_ACTIVE_COMPILATION_CONDITIONS = DEBUG;
				SWIFT_OPTIMIZATION_LEVEL = "-Onone";
			};
			name = Debug;
		};
		18AB5F832479C3E20080DC44 /* Release */ = {
			isa = XCBuildConfiguration;
			buildSettings = {
				ALWAYS_SEARCH_USER_PATHS = NO;
				CLANG_ANALYZER_NONNULL = YES;
				CLANG_ANALYZER_NUMBER_OBJECT_CONVERSION = YES_AGGRESSIVE;
				CLANG_CXX_LANGUAGE_STANDARD = "gnu++14";
				CLANG_CXX_LIBRARY = "libc++";
				CLANG_ENABLE_MODULES = YES;
				CLANG_ENABLE_OBJC_ARC = YES;
				CLANG_ENABLE_OBJC_WEAK = YES;
				CLANG_WARN_BLOCK_CAPTURE_AUTORELEASING = YES;
				CLANG_WARN_BOOL_CONVERSION = YES;
				CLANG_WARN_COMMA = YES;
				CLANG_WARN_CONSTANT_CONVERSION = YES;
				CLANG_WARN_DEPRECATED_OBJC_IMPLEMENTATIONS = YES;
				CLANG_WARN_DIRECT_OBJC_ISA_USAGE = YES_ERROR;
				CLANG_WARN_DOCUMENTATION_COMMENTS = YES;
				CLANG_WARN_EMPTY_BODY = YES;
				CLANG_WARN_ENUM_CONVERSION = YES;
				CLANG_WARN_INFINITE_RECURSION = YES;
				CLANG_WARN_INT_CONVERSION = YES;
				CLANG_WARN_NON_LITERAL_NULL_CONVERSION = YES;
				CLANG_WARN_OBJC_IMPLICIT_RETAIN_SELF = YES;
				CLANG_WARN_OBJC_LITERAL_CONVERSION = YES;
				CLANG_WARN_OBJC_ROOT_CLASS = YES_ERROR;
				CLANG_WARN_RANGE_LOOP_ANALYSIS = YES;
				CLANG_WARN_STRICT_PROTOTYPES = YES;
				CLANG_WARN_SUSPICIOUS_MOVE = YES;
				CLANG_WARN_UNGUARDED_AVAILABILITY = YES_AGGRESSIVE;
				CLANG_WARN_UNREACHABLE_CODE = YES;
				CLANG_WARN__DUPLICATE_METHOD_MATCH = YES;
				COPY_PHASE_STRIP = NO;
				DEBUG_INFORMATION_FORMAT = "dwarf-with-dsym";
				ENABLE_NS_ASSERTIONS = NO;
				ENABLE_STRICT_OBJC_MSGSEND = YES;
				GCC_C_LANGUAGE_STANDARD = gnu11;
				GCC_NO_COMMON_BLOCKS = YES;
				GCC_WARN_64_TO_32_BIT_CONVERSION = YES;
				GCC_WARN_ABOUT_RETURN_TYPE = YES_ERROR;
				GCC_WARN_UNDECLARED_SELECTOR = YES;
				GCC_WARN_UNINITIALIZED_AUTOS = YES_AGGRESSIVE;
				GCC_WARN_UNUSED_FUNCTION = YES;
				GCC_WARN_UNUSED_VARIABLE = YES;
				IPHONEOS_DEPLOYMENT_TARGET = 13.2;
				MTL_ENABLE_DEBUG_INFO = NO;
				MTL_FAST_MATH = YES;
				SDKROOT = iphoneos;
				SWIFT_COMPILATION_MODE = wholemodule;
				SWIFT_OPTIMIZATION_LEVEL = "-O";
				VALIDATE_PRODUCT = YES;
			};
			name = Release;
		};
		18AB5F852479C3E20080DC44 /* Debug */ = {
			isa = XCBuildConfiguration;
			buildSettings = {
				ASSETCATALOG_COMPILER_APPICON_NAME = AppIcon;
				CODE_SIGN_STYLE = Automatic;
				DEVELOPMENT_ASSET_PATHS = "\"SwiftUIDemo5/Preview Content\"";
				ENABLE_PREVIEWS = YES;
				INFOPLIST_FILE = SwiftUIDemo5/Info.plist;
				LD_RUNPATH_SEARCH_PATHS = (
					"$(inherited)",
					"@executable_path/Frameworks",
				);
				PRODUCT_BUNDLE_IDENTIFIER = com.codekul.SwiftUIDemo5;
				PRODUCT_NAME = "$(TARGET_NAME)";
				SWIFT_VERSION = 5.0;
				TARGETED_DEVICE_FAMILY = "1,2";
			};
			name = Debug;
		};
		18AB5F862479C3E20080DC44 /* Release */ = {
			isa = XCBuildConfiguration;
			buildSettings = {
				ASSETCATALOG_COMPILER_APPICON_NAME = AppIcon;
				CODE_SIGN_STYLE = Automatic;
				DEVELOPMENT_ASSET_PATHS = "\"SwiftUIDemo5/Preview Content\"";
				ENABLE_PREVIEWS = YES;
				INFOPLIST_FILE = SwiftUIDemo5/Info.plist;
				LD_RUNPATH_SEARCH_PATHS = (
					"$(inherited)",
					"@executable_path/Frameworks",
				);
				PRODUCT_BUNDLE_IDENTIFIER = com.codekul.SwiftUIDemo5;
				PRODUCT_NAME = "$(TARGET_NAME)";
				SWIFT_VERSION = 5.0;
				TARGETED_DEVICE_FAMILY = "1,2";
			};
			name = Release;
		};
/* End XCBuildConfiguration section */

/* Begin XCConfigurationList section */
		18AB5F6B2479C3E00080DC44 /* Build configuration list for PBXProject "SwiftUIDemo5" */ = {
			isa = XCConfigurationList;
			buildConfigurations = (
				18AB5F822479C3E20080DC44 /* Debug */,
				18AB5F832479C3E20080DC44 /* Release */,
			);
			defaultConfigurationIsVisible = 0;
			defaultConfigurationName = Release;
		};
		18AB5F842479C3E20080DC44 /* Build configuration list for PBXNativeTarget "SwiftUIDemo5" */ = {
			isa = XCConfigurationList;
			buildConfigurations = (
				18AB5F852479C3E20080DC44 /* Debug */,
				18AB5F862479C3E20080DC44 /* Release */,
			);
			defaultConfigurationIsVisible = 0;
			defaultConfigurationName = Release;
		};
/* End XCConfigurationList section */
	};
	rootObject = 18AB5F682479C3E00080DC44 /* Project object */;
}
